Microsoft Visual Studio Solution File, Format Version 8.00
Project("{FAE04EC0-301F-11D3-BF4B-00C04F79EFBC}") = "CharSetConvert", "CharSetConvert\CharSetConvert.csproj", "{D47AFE90-6DF3-42D5-B3ED-E96BF7B7CC8F}"
	ProjectSection(ProjectDependencies) = postProject
	EndProjectSection
EndProject
Project("{FAE04EC0-301F-11D3-BF4B-00C04F79EFBC}") = "CharLower", "CharLower\CharLower.csproj", "{4137679A-6672-4106-B4C8-4AA193ECCC1D}"
	ProjectSection(ProjectDependencies) = postProject
	EndProjectSection
EndProject
Global
	GlobalSection(SolutionConfiguration) = preSolution
		Debug = Debug
		Release = Release
	EndGlobalSection
	GlobalSection(ProjectConfiguration) = postSolution
		{D47AFE90-6DF3-42D5-B3ED-E96BF7B7CC8F}.Debug.ActiveCfg = Debug|.NET
		{D47AFE90-6DF3-42D5-B3ED-E96BF7B7CC8F}.Debug.Build.0 = Debug|.NET
		{D47AFE90-6DF3-42D5-B3ED-E96BF7B7CC8F}.Release.ActiveCfg = Release|.NET
		{D47AFE90-6DF3-42D5-B3ED-E96BF7B7CC8F}.Release.Build.0 = Release|.NET
		{4137679A-6672-4106-B4C8-4AA193ECCC1D}.Debug.ActiveCfg = Debug|.NET
		{4137679A-6672-4106-B4C8-4AA193ECCC1D}.Debug.Build.0 = Debug|.NET
		{4137679A-6672-4106-B4C8-4AA193ECCC1D}.Release.ActiveCfg = Release|.NET
		{4137679A-6672-4106-B4C8-4AA193ECCC1D}.Release.Build.0 = Release|.NET
	EndGlobalSection
	GlobalSection(ExtensibilityGlobals) = postSolution
	EndGlobalSection
	GlobalSection(ExtensibilityAddIns) = postSolution
	EndGlobalSection
EndGlobal
